
Microsoft Visual Studio Solution File, Format Version 12.00
# Visual Studio Version 17
VisualStudioVersion = 17.14.36127.28 d17.14
MinimumVisualStudioVersion = 10.0.40219.1
Project("{FAE04EC0-301F-11D3-BF4B-00C04F79EFBC}") = "Videojuegos", "Videojuegos\Videojuegos.csproj", "{F50B1F3F-60F5-454E-9EC5-81CF1DF0D49E}"
EndProject
Global
	GlobalSection(SolutionConfigurationPlatforms) = preSolution
		Debug|Any CPU = Debug|Any CPU
		Release|Any CPU = Release|Any CPU
	EndGlobalSection
	GlobalSection(ProjectConfigurationPlatforms) = postSolution
		{F50B1F3F-60F5-454E-9EC5-81CF1DF0D49E}.Debug|Any CPU.ActiveCfg = Debug|Any CPU
		{F50B1F3F-60F5-454E-9EC5-81CF1DF0D49E}.Debug|Any CPU.Build.0 = Debug|Any CPU
		{F50B1F3F-60F5-454E-9EC5-81CF1DF0D49E}.Release|Any CPU.ActiveCfg = Release|Any CPU
		{F50B1F3F-60F5-454E-9EC5-81CF1DF0D49E}.Release|Any CPU.Build.0 = Release|Any CPU
	EndGlobalSection
	GlobalSection(SolutionProperties) = preSolution
		HideSolutionNode = FALSE
	EndGlobalSection
	GlobalSection(ExtensibilityGlobals) = postSolution
		SolutionGuid = {E21E18A5-6270-424F-8835-DF8FFF5A33D3}
	EndGlobalSection
EndGlobal
